
Microsoft Visual Studio Solution File, Format Version 12.00
# Visual Studio Version 16
VisualStudioVersion = 16.0.31729.503
MinimumVisualStudioVersion = 10.0.40219.1
Project("{FAE04EC0-301F-11D3-BF4B-00C04F79EFBC}") = "eTickets", "eTickets\eTickets.csproj", "{EDDDCE81-1B46-46D8-8185-91A783F1E827}"
EndProject
Global
	GlobalSection(SolutionConfigurationPlatforms) = preSolution
		Debug|Any CPU = Debug|Any CPU
		Release|Any CPU = Release|Any CPU
	EndGlobalSection
	GlobalSection(ProjectConfigurationPlatforms) = postSolution
		{EDDDCE81-1B46-46D8-8185-91A783F1E827}.Debug|Any CPU.ActiveCfg = Debug|Any CPU
		{EDDDCE81-1B46-46D8-8185-91A783F1E827}.Debug|Any CPU.Build.0 = Debug|Any CPU
		{EDDDCE81-1B46-46D8-8185-91A783F1E827}.Release|Any CPU.ActiveCfg = Release|Any CPU
		{EDDDCE81-1B46-46D8-8185-91A783F1E827}.Release|Any CPU.Build.0 = Release|Any CPU
	EndGlobalSection
	GlobalSection(SolutionProperties) = preSolution
		HideSolutionNode = FALSE
	EndGlobalSection
	GlobalSection(ExtensibilityGlobals) = postSolution
		SolutionGuid = {F011C9D9-D7D8-43A8-8645-F8CB02BEACB3}
	EndGlobalSection
EndGlobal
